
Microsoft Visual Studio Solution File, Format Version 12.00
# Visual Studio 15
VisualStudioVersion = 15.0.28307.572
MinimumVisualStudioVersion = 10.0.40219.1
Project("{FAE04EC0-301F-11D3-BF4B-00C04F79EFBC}") = "WebApplication_new", "WebApplication_new\WebApplication_new.csproj", "{E0E71F21-8F0C-46E8-B7E7-519038339028}"
EndProject
Global
	GlobalSection(SolutionConfigurationPlatforms) = preSolution
		Debug|Any CPU = Debug|Any CPU
		Release|Any CPU = Release|Any CPU
	EndGlobalSection
	GlobalSection(ProjectConfigurationPlatforms) = postSolution
		{E0E71F21-8F0C-46E8-B7E7-519038339028}.Debug|Any CPU.ActiveCfg = Debug|Any CPU
		{E0E71F21-8F0C-46E8-B7E7-519038339028}.Debug|Any CPU.Build.0 = Debug|Any CPU
		{E0E71F21-8F0C-46E8-B7E7-519038339028}.Release|Any CPU.ActiveCfg = Release|Any CPU
		{E0E71F21-8F0C-46E8-B7E7-519038339028}.Release|Any CPU.Build.0 = Release|Any CPU
	EndGlobalSection
	GlobalSection(SolutionProperties) = preSolution
		HideSolutionNode = FALSE
	EndGlobalSection
	GlobalSection(ExtensibilityGlobals) = postSolution
		SolutionGuid = {02A44EA5-E0D7-41D5-A73B-91E919077425}
	EndGlobalSection
EndGlobal
